
Microsoft Visual Studio Solution File, Format Version 12.00
# Visual Studio Version 16
VisualStudioVersion = 16.0.29230.47
MinimumVisualStudioVersion = 10.0.40219.1
Project("{FAE04EC0-301F-11D3-BF4B-00C04F79EFBC}") = "FIONA", "FIONA\FIONA.csproj", "{09F52F00-AE92-4155-9F3B-F4257E68EB62}"
EndProject
Global
	GlobalSection(SolutionConfigurationPlatforms) = preSolution
		Debug|Any CPU = Debug|Any CPU
		Release|Any CPU = Release|Any CPU
	EndGlobalSection
	GlobalSection(ProjectConfigurationPlatforms) = postSolution
		{09F52F00-AE92-4155-9F3B-F4257E68EB62}.Debug|Any CPU.ActiveCfg = Debug|Any CPU
		{09F52F00-AE92-4155-9F3B-F4257E68EB62}.Debug|Any CPU.Build.0 = Debug|Any CPU
		{09F52F00-AE92-4155-9F3B-F4257E68EB62}.Release|Any CPU.ActiveCfg = Release|Any CPU
		{09F52F00-AE92-4155-9F3B-F4257E68EB62}.Release|Any CPU.Build.0 = Release|Any CPU
	EndGlobalSection
	GlobalSection(SolutionProperties) = preSolution
		HideSolutionNode = FALSE
	EndGlobalSection
	GlobalSection(ExtensibilityGlobals) = postSolution
		SolutionGuid = {B5750956-92DB-4E1F-8846-88992D07D1B1}
	EndGlobalSection
EndGlobal
